
Microsoft Visual Studio Solution File, Format Version 12.00
# Visual Studio 15
VisualStudioVersion = 15.0.27130.2036
MinimumVisualStudioVersion = 10.0.40219.1
Project("{FAE04EC0-301F-11D3-BF4B-00C04F79EFBC}") = "PartyInvites", "PartyInvites\PartyInvites.csproj", "{221BE3E5-4DB1-4B75-8306-6C54FF8E9256}"
EndProject
Global
	GlobalSection(SolutionConfigurationPlatforms) = preSolution
		Debug|Any CPU = Debug|Any CPU
		Release|Any CPU = Release|Any CPU
	EndGlobalSection
	GlobalSection(ProjectConfigurationPlatforms) = postSolution
		{221BE3E5-4DB1-4B75-8306-6C54FF8E9256}.Debug|Any CPU.ActiveCfg = Debug|Any CPU
		{221BE3E5-4DB1-4B75-8306-6C54FF8E9256}.Debug|Any CPU.Build.0 = Debug|Any CPU
		{221BE3E5-4DB1-4B75-8306-6C54FF8E9256}.Release|Any CPU.ActiveCfg = Release|Any CPU
		{221BE3E5-4DB1-4B75-8306-6C54FF8E9256}.Release|Any CPU.Build.0 = Release|Any CPU
	EndGlobalSection
	GlobalSection(SolutionProperties) = preSolution
		HideSolutionNode = FALSE
	EndGlobalSection
	GlobalSection(ExtensibilityGlobals) = postSolution
		SolutionGuid = {CCBB33AB-C53D-41A6-A863-9708C82295E8}
	EndGlobalSection
EndGlobal
